
Microsoft Visual Studio Solution File, Format Version 12.00
# Visual Studio Version 17
VisualStudioVersion = 17.1.32421.90
MinimumVisualStudioVersion = 10.0.40219.1
Project("{FAE04EC0-301F-11D3-BF4B-00C04F79EFBC}") = "hwAPI", "hwAPI\hwAPI.csproj", "{1F86B8E0-E6E6-4C58-91B6-9444D31DD693}"
EndProject
Global
	GlobalSection(SolutionConfigurationPlatforms) = preSolution
		Debug|Any CPU = Debug|Any CPU
		Release|Any CPU = Release|Any CPU
	EndGlobalSection
	GlobalSection(ProjectConfigurationPlatforms) = postSolution
		{1F86B8E0-E6E6-4C58-91B6-9444D31DD693}.Debug|Any CPU.ActiveCfg = Debug|Any CPU
		{1F86B8E0-E6E6-4C58-91B6-9444D31DD693}.Debug|Any CPU.Build.0 = Debug|Any CPU
		{1F86B8E0-E6E6-4C58-91B6-9444D31DD693}.Release|Any CPU.ActiveCfg = Release|Any CPU
		{1F86B8E0-E6E6-4C58-91B6-9444D31DD693}.Release|Any CPU.Build.0 = Release|Any CPU
	EndGlobalSection
	GlobalSection(SolutionProperties) = preSolution
		HideSolutionNode = FALSE
	EndGlobalSection
	GlobalSection(ExtensibilityGlobals) = postSolution
		SolutionGuid = {D94C887F-3FE4-4FC8-810B-C07C595B2BE9}
	EndGlobalSection
EndGlobal
